
Microsoft Visual Studio Solution File, Format Version 12.00
# Visual Studio 15
VisualStudioVersion = 15.0.28307.271
MinimumVisualStudioVersion = 10.0.40219.1
Project("{FAE04EC0-301F-11D3-BF4B-00C04F79EFBC}") = "CpuUsagePercentageDotNetCoreExample", "CpuUsagePercentageDotNetCoreExample\CpuUsagePercentageDotNetCoreExample.csproj", "{D80108F4-DF53-4DD2-AE33-E08C208CDFF5}"
EndProject
Global
	GlobalSection(SolutionConfigurationPlatforms) = preSolution
		Debug|Any CPU = Debug|Any CPU
		Release|Any CPU = Release|Any CPU
	EndGlobalSection
	GlobalSection(ProjectConfigurationPlatforms) = postSolution
		{D80108F4-DF53-4DD2-AE33-E08C208CDFF5}.Debug|Any CPU.ActiveCfg = Debug|Any CPU
		{D80108F4-DF53-4DD2-AE33-E08C208CDFF5}.Debug|Any CPU.Build.0 = Debug|Any CPU
		{D80108F4-DF53-4DD2-AE33-E08C208CDFF5}.Release|Any CPU.ActiveCfg = Release|Any CPU
		{D80108F4-DF53-4DD2-AE33-E08C208CDFF5}.Release|Any CPU.Build.0 = Release|Any CPU
	EndGlobalSection
	GlobalSection(SolutionProperties) = preSolution
		HideSolutionNode = FALSE
	EndGlobalSection
	GlobalSection(ExtensibilityGlobals) = postSolution
		SolutionGuid = {2AF3DB4F-AA3E-46A5-9B60-F305A81835B5}
	EndGlobalSection
EndGlobal
